{
  "requires": true,
  "lockfileVersion": 1,
  "dependencies": {
    "@babel/runtime": {
      "version": "7.14.8",
      "resolved": "https://registry.npmjs.org/@babel/runtime/-/runtime-7.14.8.tgz",
      "integrity": "sha512-twj3L8Og5SaCRCErB4x4ajbvBIVV77CGeFglHpeg5WC5FF8TZzBWXtTJ4MqaD9QszLYTtr+IsaAL2rEUevb+eg==",
      "requires": {
        "regenerator-runtime": "^0.13.4"
      }
    },
    "@ckeditor/ckeditor5-adapter-ckfinder": {
      "version": "29.1.0",
      "resolved": "https://registry.npmjs.org/@ckeditor/ckeditor5-adapter-ckfinder/-/ckeditor5-adapter-ckfinder-29.1.0.tgz",
      "integrity": "sha512-kiNeFBMQzJAtBhk97bA+ta/kBnNywfEa7UD2gCi3dRJbX5fsauoVvt6PNXxlJD8mV0ZqW1dHyRptbGedwd98ug==",
      "requires": {
        "ckeditor5": "^29.1.0"
      }
    },
    "@ckeditor/ckeditor5-autoformat": {
      "version": "29.1.0",
      "resolved": "https://registry.npmjs.org/@ckeditor/ckeditor5-autoformat/-/ckeditor5-autoformat-29.1.0.tgz",
      "integrity": "sha512-qoxUM5NLKxr4z2hOn52dVA0TVpQmAgLjcp1tp8FjxmKS8VB998LUiDRCCToE+mw5hZGU+JpuMhM0ITyBDWSQSA==",
      "requires": {
        "ckeditor5": "^29.1.0"
      }
    },
    "@ckeditor/ckeditor5-basic-styles": {
      "version": "29.1.0",
      "resolved": "https://registry.npmjs.org/@ckeditor/ckeditor5-basic-styles/-/ckeditor5-basic-styles-29.1.0.tgz",
      "integrity": "sha512-s+jcBjRnNzWrnwc9cffDqkLyKKRwkzuap5ou6MdOOMtd0Nzjir2I2MuCL0NZkWMDphjJuA7OE0GD5h54T07z/A==",
      "requires": {
        "ckeditor5": "^29.1.0"
      }
    },
    "@ckeditor/ckeditor5-block-quote": {
      "version": "29.1.0",
      "resolved": "https://registry.npmjs.org/@ckeditor/ckeditor5-block-quote/-/ckeditor5-block-quote-29.1.0.tgz",
      "integrity": "sha512-xc6OHpTWFXIWtEXFNZlFcokuYdhD16ZF6WP9Nkn552pPr8G77AW3xv2aE4QmBcxDS5frNR3mVY65g/6L50f7NA==",
      "requires": {
        "ckeditor5": "^29.1.0"
      }
    },
    "@ckeditor/ckeditor5-build-classic": {
      "version": "29.1.0",
      "resolved": "https://registry.npmjs.org/@ckeditor/ckeditor5-build-classic/-/ckeditor5-build-classic-29.1.0.tgz",
      "integrity": "sha512-nI78/rTvGmwWHOFVgGVncZIkpK8TjGdc5AaNJ3h4zOHxw97/m89TOTV0rJtlWOilL28EIoL/6IZ2kiHXkspBfg==",
      "requires": {
        "@ckeditor/ckeditor5-adapter-ckfinder": "^29.1.0",
        "@ckeditor/ckeditor5-autoformat": "^29.1.0",
        "@ckeditor/ckeditor5-basic-styles": "^29.1.0",
        "@ckeditor/ckeditor5-block-quote": "^29.1.0",
        "@ckeditor/ckeditor5-ckfinder": "^29.1.0",
        "@ckeditor/ckeditor5-cloud-services": "^29.1.0",
        "@ckeditor/ckeditor5-easy-image": "^29.1.0",
        "@ckeditor/ckeditor5-editor-classic": "^29.1.0",
        "@ckeditor/ckeditor5-essentials": "^29.1.0",
        "@ckeditor/ckeditor5-heading": "^29.1.0",
        "@ckeditor/ckeditor5-image": "^29.1.0",
        "@ckeditor/ckeditor5-indent": "^29.1.0",
        "@ckeditor/ckeditor5-link": "^29.1.0",
        "@ckeditor/ckeditor5-list": "^29.1.0",
        "@ckeditor/ckeditor5-media-embed": "^29.1.0",
        "@ckeditor/ckeditor5-paragraph": "^29.1.0",
        "@ckeditor/ckeditor5-paste-from-office": "^29.1.0",
        "@ckeditor/ckeditor5-table": "^29.1.0",
        "@ckeditor/ckeditor5-typing": "^29.1.0"
      }
    },
    "@ckeditor/ckeditor5-ckfinder": {
      "version": "29.1.0",
      "resolved": "https://registry.npmjs.org/@ckeditor/ckeditor5-ckfinder/-/ckeditor5-ckfinder-29.1.0.tgz",
      "integrity": "sha512-vYWhM1bVgEm7YxWaxp1jvrtG18R81hlsWbCb87NBUpRX6zCwvO4vVTxwQpbZ5TcOUgR6eZP4O5UrnYls1AFlEA==",
      "requires": {
        "ckeditor5": "^29.1.0"
      }
    },
    "@ckeditor/ckeditor5-clipboard": {
      "version": "29.1.0",
      "resolved": "https://registry.npmjs.org/@ckeditor/ckeditor5-clipboard/-/ckeditor5-clipboard-29.1.0.tgz",
      "integrity": "sha512-QB+Rgxp6byThl0C6TMGnbxkNj/S5Cs2TvNSwMMu8Md4BABcU8v72jBN8MD8QJ0o9otwnWSrifJriRxs5q4W3Kg==",
      "requires": {
        "@ckeditor/ckeditor5-core": "^29.1.0",
        "@ckeditor/ckeditor5-engine": "^29.1.0",
        "@ckeditor/ckeditor5-utils": "^29.1.0",
        "@ckeditor/ckeditor5-widget": "^29.1.0",
        "lodash-es": "^4.17.11"
      }
    },
    "@ckeditor/ckeditor5-cloud-services": {
      "version": "29.1.0",
      "resolved": "https://registry.npmjs.org/@ckeditor/ckeditor5-cloud-services/-/ckeditor5-cloud-services-29.1.0.tgz",
      "integrity": "sha512-xwKY4YXvkoV2ojhsbJzZ5qdPPu+iQ9ZIazce/xNFJr/kzzwvas1G8FGaweaDESy5q5NHvAagpCV6+QwVA+JI1Q==",
      "requires": {
        "ckeditor5": "^29.1.0"
      }
    },
    "@ckeditor/ckeditor5-core": {
      "version": "29.1.0",
      "resolved": "https://registry.npmjs.org/@ckeditor/ckeditor5-core/-/ckeditor5-core-29.1.0.tgz",
      "integrity": "sha512-ETSYlRI1hcBRIVKDqmzLNloZYM9nssVytJPEMplQRzYPvy2vjaD0iKtPJkR93pFG53BcEuy9/Pc7knW760bB0g==",
      "requires": {
        "@ckeditor/ckeditor5-engine": "^29.1.0",
        "@ckeditor/ckeditor5-ui": "^29.1.0",
        "@ckeditor/ckeditor5-utils": "^29.1.0",
        "lodash-es": "^4.17.15"
      }
    },
    "@ckeditor/ckeditor5-easy-image": {
      "version": "29.1.0",
      "resolved": "https://registry.npmjs.org/@ckeditor/ckeditor5-easy-image/-/ckeditor5-easy-image-29.1.0.tgz",
      "integrity": "sha512-2UqIErUMAs+91PkGeDqzgV8+w+AZvRdhxZ6qX6a02xt54sO+rOX+CIX16SNlTpcJqexSB/+JP6/LrREvh2JfIw==",
      "requires": {
        "ckeditor5": "^29.1.0"
      }
    },
    "@ckeditor/ckeditor5-editor-classic": {
      "version": "29.1.0",
      "resolved": "https://registry.npmjs.org/@ckeditor/ckeditor5-editor-classic/-/ckeditor5-editor-classic-29.1.0.tgz",
      "integrity": "sha512-/9jNqiMG7Gb7JdzjPvnL5a2pWgYEBe52cwQJALdcZzlfKMO+TX0oXbK+R+5sP2ScYkYfLxxWduwH3pfPOKfdbw==",
      "requires": {
        "ckeditor5": "^29.1.0",
        "lodash-es": "^4.17.15"
      }
    },
    "@ckeditor/ckeditor5-engine": {
      "version": "29.1.0",
      "resolved": "https://registry.npmjs.org/@ckeditor/ckeditor5-engine/-/ckeditor5-engine-29.1.0.tgz",
      "integrity": "sha512-XZQqOhy2IjeZwSTfd/DLm1knfDQ0gcJsbvYmP82TS4P3EFlRfgePkXUrN94fOXs+iUareum8wbkEPuyXji1CUA==",
      "requires": {
        "@ckeditor/ckeditor5-utils": "^29.1.0",
        "lodash-es": "^4.17.15"
      }
    },
    "@ckeditor/ckeditor5-enter": {
      "version": "29.1.0",
      "resolved": "https://registry.npmjs.org/@ckeditor/ckeditor5-enter/-/ckeditor5-enter-29.1.0.tgz",
      "integrity": "sha512-5qsXel31//F4sEX+vmQINTnCHuf0KETeddzHcZ8rG7lOnvj2KusYi79zc0vCy1nM7Eu7x2uD4CwRmCBgNd1HCA==",
      "requires": {
        "@ckeditor/ckeditor5-core": "^29.1.0",
        "@ckeditor/ckeditor5-engine": "^29.1.0",
        "@ckeditor/ckeditor5-utils": "^29.1.0"
      }
    },
    "@ckeditor/ckeditor5-essentials": {
      "version": "29.1.0",
      "resolved": "https://registry.npmjs.org/@ckeditor/ckeditor5-essentials/-/ckeditor5-essentials-29.1.0.tgz",
      "integrity": "sha512-YlofAXnxtQPsh8/7pgHBl5xMoqD0y0WqFsInHzFywR2mNqrNUbyvG4KRaUemqL7NhfgER/ana5K3YZNyvI/WMA==",
      "requires": {
        "ckeditor5": "^29.1.0"
      }
    },
    "@ckeditor/ckeditor5-heading": {
      "version": "29.1.0",
      "resolved": "https://registry.npmjs.org/@ckeditor/ckeditor5-heading/-/ckeditor5-heading-29.1.0.tgz",
      "integrity": "sha512-3mr1vr28/P6Y3uHeFnzzrrv/d7ST5TCDLj5bhvyg7uW6Je0IpMdM9tSY9WNISJbyW2hvdN3NMSqk6aoVEX47/A==",
      "requires": {
        "ckeditor5": "^29.1.0"
      }
    },
    "@ckeditor/ckeditor5-image": {
      "version": "29.1.0",
      "resolved": "https://registry.npmjs.org/@ckeditor/ckeditor5-image/-/ckeditor5-image-29.1.0.tgz",
      "integrity": "sha512-QTzdhygfcsOd+1lz9V/91DbX+yn8AA6/QNhA9lpgCiKrXvxcQdS+ysVgO4T5l4T5/6ic1Ze+ALuyHYZsj17Fjg==",
      "requires": {
        "@ckeditor/ckeditor5-ui": "^29.1.0",
        "ckeditor5": "^29.1.0",
        "lodash-es": "^4.17.15"
      }
    },
    "@ckeditor/ckeditor5-indent": {
      "version": "29.1.0",
      "resolved": "https://registry.npmjs.org/@ckeditor/ckeditor5-indent/-/ckeditor5-indent-29.1.0.tgz",
      "integrity": "sha512-HneekNpelj9SmkWqUYm39k9HATNYdnhkNx2sC6GYxVjK3UWcowQ38nAp+KGewoYQb6mw3Wp4ByCJuR9WSsJ2LA==",
      "requires": {
        "ckeditor5": "^29.1.0"
      }
    },
    "@ckeditor/ckeditor5-link": {
      "version": "29.1.0",
      "resolved": "https://registry.npmjs.org/@ckeditor/ckeditor5-link/-/ckeditor5-link-29.1.0.tgz",
      "integrity": "sha512-sPlNL8MEdZ+pAev3JvgBUfJJq8ydLOcigZThPnreYIIQ+HRvJDBrtPKKTxKXtkGO/SVKd2Rt7tsUyEV8SBBPHQ==",
      "requires": {
        "@ckeditor/ckeditor5-ui": "^29.1.0",
        "ckeditor5": "^29.1.0",
        "lodash-es": "^4.17.15"
      }
    },
    "@ckeditor/ckeditor5-list": {
      "version": "29.1.0",
      "resolved": "https://registry.npmjs.org/@ckeditor/ckeditor5-list/-/ckeditor5-list-29.1.0.tgz",
      "integrity": "sha512-DqOvIsOXl8F5tIA0jSO42s+9JqJK3siaNygCx6TCpdn8U+c75I5dSoOULThsJ9zyDZwaqPXHgg6tpeXOf2nruQ==",
      "requires": {
        "ckeditor5": "^29.1.0"
      }
    },
    "@ckeditor/ckeditor5-media-embed": {
      "version": "29.1.0",
      "resolved": "https://registry.npmjs.org/@ckeditor/ckeditor5-media-embed/-/ckeditor5-media-embed-29.1.0.tgz",
      "integrity": "sha512-j5jTAcfUxlto5dfSD0cqdxKOGD8/04svEpr0eDfuAPCMlM0pBFwAE/A/uitoKPVFStnc8DVQKzhbjHmOpZF/PA==",
      "requires": {
        "@ckeditor/ckeditor5-ui": "^29.1.0",
        "ckeditor5": "^29.1.0"
      }
    },
    "@ckeditor/ckeditor5-paragraph": {
      "version": "29.1.0",
      "resolved": "https://registry.npmjs.org/@ckeditor/ckeditor5-paragraph/-/ckeditor5-paragraph-29.1.0.tgz",
      "integrity": "sha512-GgYYPqckK/FunMZUlsQYGc2qj90Ifyp7Rt2jAm2t0c0gFduIBGSy7NIHwUaJcqak7qTCgIG6O/ohGLN7ArcTkQ==",
      "requires": {
        "@ckeditor/ckeditor5-core": "^29.1.0",
        "@ckeditor/ckeditor5-ui": "^29.1.0",
        "@ckeditor/ckeditor5-utils": "^29.1.0"
      }
    },
    "@ckeditor/ckeditor5-paste-from-office": {
      "version": "29.1.0",
      "resolved": "https://registry.npmjs.org/@ckeditor/ckeditor5-paste-from-office/-/ckeditor5-paste-from-office-29.1.0.tgz",
      "integrity": "sha512-q47CMPx9tYLqkUmGyyzxcUdLpJ1XTB3wtpC4mpvQX3WqCbKYjrgcp8gyO33LQg0LF8/h02lGG+Y3y4Rm3PWj4Q==",
      "requires": {
        "ckeditor5": "^29.1.0"
      }
    },
    "@ckeditor/ckeditor5-react": {
      "version": "3.0.2",
      "resolved": "https://registry.npmjs.org/@ckeditor/ckeditor5-react/-/ckeditor5-react-3.0.2.tgz",
      "integrity": "sha512-hOAREzVUp8dwE8vV8qgxIGBOJzaxCm8N2aEhtbCq6QZbGLW9dckdfGKVmbtgEnCQgueVXEUqfDyUIXM6LtXDHA==",
      "requires": {
        "prop-types": "^15.7.2"
      }
    },
    "@ckeditor/ckeditor5-select-all": {
      "version": "29.1.0",
      "resolved": "https://registry.npmjs.org/@ckeditor/ckeditor5-select-all/-/ckeditor5-select-all-29.1.0.tgz",
      "integrity": "sha512-NiffKAxm7xxqSHu2OO6HeVaYRPJ13+Rn+DtIdQawZDpVb+UxwS6WrYVizX2jOQLtUSCAC99HjX2IJ6zkyuQxmg==",
      "requires": {
        "@ckeditor/ckeditor5-core": "^29.1.0",
        "@ckeditor/ckeditor5-ui": "^29.1.0",
        "@ckeditor/ckeditor5-utils": "^29.1.0"
      }
    },
    "@ckeditor/ckeditor5-table": {
      "version": "29.1.0",
      "resolved": "https://registry.npmjs.org/@ckeditor/ckeditor5-table/-/ckeditor5-table-29.1.0.tgz",
      "integrity": "sha512-jKR8R07KXkCStnT2USLul1cO2U/5NWoMhRM+zl/6sBQW6SqmRB/5/6semu3mp4FNCGcG584w6TKpD0FLFmC1pA==",
      "requires": {
        "ckeditor5": "^29.1.0",
        "lodash-es": "^4.17.15"
      }
    },
    "@ckeditor/ckeditor5-typing": {
      "version": "29.1.0",
      "resolved": "https://registry.npmjs.org/@ckeditor/ckeditor5-typing/-/ckeditor5-typing-29.1.0.tgz",
      "integrity": "sha512-TBh0Rbzs1B+922vhqAZQ1b0LUO/Z5aB8AgVLcciQ5R74GCiDewpJQSdzpJ49e8gViUGsByDqtmuKeK444snGmw==",
      "requires": {
        "@ckeditor/ckeditor5-core": "^29.1.0",
        "@ckeditor/ckeditor5-engine": "^29.1.0",
        "@ckeditor/ckeditor5-utils": "^29.1.0",
        "lodash-es": "^4.17.15"
      }
    },
    "@ckeditor/ckeditor5-ui": {
      "version": "29.1.0",
      "resolved": "https://registry.npmjs.org/@ckeditor/ckeditor5-ui/-/ckeditor5-ui-29.1.0.tgz",
      "integrity": "sha512-duYnljw8TolKgV7+KucxLcumZyaV0g+H9aWi+pSSTAw83s3Eze4n8K0QuPxdVebSqnnl1AcrTPcNerv+rsDw3w==",
      "requires": {
        "@ckeditor/ckeditor5-utils": "^29.1.0",
        "ckeditor5": "^29.1.0",
        "lodash-es": "^4.17.15"
      }
    },
    "@ckeditor/ckeditor5-undo": {
      "version": "29.1.0",
      "resolved": "https://registry.npmjs.org/@ckeditor/ckeditor5-undo/-/ckeditor5-undo-29.1.0.tgz",
      "integrity": "sha512-6lKGdKGNvQKpcSUIqumQ1mEL9/sVHVJhW51trQULZJJ44QwtGP0qlFlN83ErzZ+2oxMCri69aMDAoR9Q3OjpkA==",
      "requires": {
        "@ckeditor/ckeditor5-core": "^29.1.0",
        "@ckeditor/ckeditor5-engine": "^29.1.0",
        "@ckeditor/ckeditor5-ui": "^29.1.0"
      }
    },
    "@ckeditor/ckeditor5-upload": {
      "version": "29.1.0",
      "resolved": "https://registry.npmjs.org/@ckeditor/ckeditor5-upload/-/ckeditor5-upload-29.1.0.tgz",
      "integrity": "sha512-1brYmkRHREVaNsFrL3rsg+o8/0+ucxUh5bpzCTmteqw2oU1IrgzWFcDwYyWguqeSmN24rnNPA5gJSwGaUcvOeg==",
      "requires": {
        "@ckeditor/ckeditor5-core": "^29.1.0",
        "@ckeditor/ckeditor5-ui": "^29.1.0",
        "@ckeditor/ckeditor5-utils": "^29.1.0"
      }
    },
    "@ckeditor/ckeditor5-utils": {
      "version": "29.1.0",
      "resolved": "https://registry.npmjs.org/@ckeditor/ckeditor5-utils/-/ckeditor5-utils-29.1.0.tgz",
      "integrity": "sha512-C9KzXLM3JrU1PVRahRvmW6pdinXoUDyp4X8A+QWdQMMYbNrlnM1y9DPmgauPq2eIwZmlMpn8z0jXDh3oB5kVMQ==",
      "requires": {
        "lodash-es": "^4.17.15"
      }
    },
    "@ckeditor/ckeditor5-widget": {
      "version": "29.1.0",
      "resolved": "https://registry.npmjs.org/@ckeditor/ckeditor5-widget/-/ckeditor5-widget-29.1.0.tgz",
      "integrity": "sha512-28jLc24j1Z//zwzck1DvZLjR02qEYierxFGKzW91pi/YeG0gOmVETPaQFcdUSovTnMRz7TiJL1myBw3JsF405A==",
      "requires": {
        "@ckeditor/ckeditor5-core": "^29.1.0",
        "@ckeditor/ckeditor5-engine": "^29.1.0",
        "@ckeditor/ckeditor5-enter": "^29.1.0",
        "@ckeditor/ckeditor5-typing": "^29.1.0",
        "@ckeditor/ckeditor5-ui": "^29.1.0",
        "@ckeditor/ckeditor5-utils": "^29.1.0",
        "lodash-es": "^4.17.15"
      }
    },
    "ckeditor5": {
      "version": "29.1.0",
      "resolved": "https://registry.npmjs.org/ckeditor5/-/ckeditor5-29.1.0.tgz",
      "integrity": "sha512-qNoIpQ/xS+AEEI6etF9FESObt490vJ+AgAnP24M1rgMziUwaqmVMoDONmjYh6LPiOm09f6n4BHZB6sb78zEhYA==",
      "requires": {
        "@ckeditor/ckeditor5-clipboard": "^29.1.0",
        "@ckeditor/ckeditor5-core": "^29.1.0",
        "@ckeditor/ckeditor5-engine": "^29.1.0",
        "@ckeditor/ckeditor5-enter": "^29.1.0",
        "@ckeditor/ckeditor5-paragraph": "^29.1.0",
        "@ckeditor/ckeditor5-select-all": "^29.1.0",
        "@ckeditor/ckeditor5-typing": "^29.1.0",
        "@ckeditor/ckeditor5-ui": "^29.1.0",
        "@ckeditor/ckeditor5-undo": "^29.1.0",
        "@ckeditor/ckeditor5-upload": "^29.1.0",
        "@ckeditor/ckeditor5-utils": "^29.1.0",
        "@ckeditor/ckeditor5-widget": "^29.1.0"
      }
    },
    "cookie": {
      "version": "0.4.0",
      "resolved": "https://registry.npmjs.org/cookie/-/cookie-0.4.0.tgz",
      "integrity": "sha512-+Hp8fLp57wnUSt0tY0tHEXh4voZRDnoIrZPqlo3DPiI4y9lwg/jqx+1Om94/W6ZaPDOUbnjOt/99w66zk+l1Xg=="
    },
    "cookie-parser": {
      "version": "1.4.5",
      "resolved": "https://registry.npmjs.org/cookie-parser/-/cookie-parser-1.4.5.tgz",
      "integrity": "sha512-f13bPUj/gG/5mDr+xLmSxxDsB9DQiTIfhJS/sqjrmfAWiAN+x2O4i/XguTL9yDZ+/IFDanJ+5x7hC4CXT9Tdzw==",
      "requires": {
        "cookie": "0.4.0",
        "cookie-signature": "1.0.6"
      }
    },
    "cookie-signature": {
      "version": "1.0.6",
      "resolved": "https://registry.npmjs.org/cookie-signature/-/cookie-signature-1.0.6.tgz",
      "integrity": "sha1-4wOogrNCzD7oylE6eZmXNNqzriw="
    },
    "history": {
      "version": "4.10.1",
      "resolved": "https://registry.npmjs.org/history/-/history-4.10.1.tgz",
      "integrity": "sha512-36nwAD620w12kuzPAsyINPWJqlNbij+hpK1k9XRloDtym8mxzGYl2c17LnV6IAGB2Dmg4tEa7G7DlawS0+qjew==",
      "requires": {
        "@babel/runtime": "^7.1.2",
        "loose-envify": "^1.2.0",
        "resolve-pathname": "^3.0.0",
        "tiny-invariant": "^1.0.2",
        "tiny-warning": "^1.0.0",
        "value-equal": "^1.0.1"
      }
    },
    "hoist-non-react-statics": {
      "version": "3.3.2",
      "resolved": "https://registry.npmjs.org/hoist-non-react-statics/-/hoist-non-react-statics-3.3.2.tgz",
      "integrity": "sha512-/gGivxi8JPKWNm/W0jSmzcMPpfpPLc3dY/6GxhX2hQ9iGj3aDfklV4ET7NjKpSinLpJ5vafa9iiGIEZg10SfBw==",
      "requires": {
        "react-is": "^16.7.0"
      }
    },
    "isarray": {
      "version": "0.0.1",
      "resolved": "https://registry.npmjs.org/isarray/-/isarray-0.0.1.tgz",
      "integrity": "sha1-ihis/Kmo9Bd+Cav8YDiTmwXR7t8="
    },
    "js-tokens": {
      "version": "4.0.0",
      "resolved": "https://registry.npmjs.org/js-tokens/-/js-tokens-4.0.0.tgz",
      "integrity": "sha512-RdJUflcE3cUzKiMqQgsCu06FPu9UdIJO0beYbPhHN4k6apgJtifcoCtT9bcxOpYBtpD2kCM6Sbzg4CausW/PKQ=="
    },
    "lodash-es": {
      "version": "4.17.21",
      "resolved": "https://registry.npmjs.org/lodash-es/-/lodash-es-4.17.21.tgz",
      "integrity": "sha512-mKnC+QJ9pWVzv+C4/U3rRsHapFfHvQFoFB92e52xeyGMcX6/OlIl78je1u8vePzYZSkkogMPJ2yjxxsb89cxyw=="
    },
    "loose-envify": {
      "version": "1.4.0",
      "resolved": "https://registry.npmjs.org/loose-envify/-/loose-envify-1.4.0.tgz",
      "integrity": "sha512-lyuxPGr/Wfhrlem2CL/UcnUc1zcqKAImBDzukY7Y5F/yQiNdko6+fRLevlw1HgMySw7f611UIY408EtxRSoK3Q==",
      "requires": {
        "js-tokens": "^3.0.0 || ^4.0.0"
      }
    },
    "mini-create-react-context": {
      "version": "0.4.1",
      "resolved": "https://registry.npmjs.org/mini-create-react-context/-/mini-create-react-context-0.4.1.tgz",
      "integrity": "sha512-YWCYEmd5CQeHGSAKrYvXgmzzkrvssZcuuQDDeqkT+PziKGMgE+0MCCtcKbROzocGBG1meBLl2FotlRwf4gAzbQ==",
      "requires": {
        "@babel/runtime": "^7.12.1",
        "tiny-warning": "^1.0.3"
      }
    },
    "object-assign": {
      "version": "4.1.1",
      "resolved": "https://registry.npmjs.org/object-assign/-/object-assign-4.1.1.tgz",
      "integrity": "sha1-IQmtx5ZYh8/AXLvUQsrIv7s2CGM="
    },
    "path-to-regexp": {
      "version": "1.8.0",
      "resolved": "https://registry.npmjs.org/path-to-regexp/-/path-to-regexp-1.8.0.tgz",
      "integrity": "sha512-n43JRhlUKUAlibEJhPeir1ncUID16QnEjNpwzNdO3Lm4ywrBpBZ5oLD0I6br9evr1Y9JTqwRtAh7JLoOzAQdVA==",
      "requires": {
        "isarray": "0.0.1"
      }
    },
    "prop-types": {
      "version": "15.7.2",
      "resolved": "https://registry.npmjs.org/prop-types/-/prop-types-15.7.2.tgz",
      "integrity": "sha512-8QQikdH7//R2vurIJSutZ1smHYTcLpRWEOlHnzcWHmBYrOGUysKwSsrC89BCiFj3CbrfJ/nXFdJepOVrY1GCHQ==",
      "requires": {
        "loose-envify": "^1.4.0",
        "object-assign": "^4.1.1",
        "react-is": "^16.8.1"
      }
    },
    "react-is": {
      "version": "16.13.1",
      "resolved": "https://registry.npmjs.org/react-is/-/react-is-16.13.1.tgz",
      "integrity": "sha512-24e6ynE2H+OKt4kqsOvNd8kBpV65zoxbA4BVsEOB3ARVWQki/DHzaUoC5KuON/BiccDaCCTZBuOcfZs70kR8bQ=="
    },
    "react-router": {
      "version": "5.2.0",
      "resolved": "https://registry.npmjs.org/react-router/-/react-router-5.2.0.tgz",
      "integrity": "sha512-smz1DUuFHRKdcJC0jobGo8cVbhO3x50tCL4icacOlcwDOEQPq4TMqwx3sY1TP+DvtTgz4nm3thuo7A+BK2U0Dw==",
      "requires": {
        "@babel/runtime": "^7.1.2",
        "history": "^4.9.0",
        "hoist-non-react-statics": "^3.1.0",
        "loose-envify": "^1.3.1",
        "mini-create-react-context": "^0.4.0",
        "path-to-regexp": "^1.7.0",
        "prop-types": "^15.6.2",
        "react-is": "^16.6.0",
        "tiny-invariant": "^1.0.2",
        "tiny-warning": "^1.0.0"
      }
    },
    "react-router-dom": {
      "version": "5.2.0",
      "resolved": "https://registry.npmjs.org/react-router-dom/-/react-router-dom-5.2.0.tgz",
      "integrity": "sha512-gxAmfylo2QUjcwxI63RhQ5G85Qqt4voZpUXSEqCwykV0baaOTQDR1f0PmY8AELqIyVc0NEZUj0Gov5lNGcXgsA==",
      "requires": {
        "@babel/runtime": "^7.1.2",
        "history": "^4.9.0",
        "loose-envify": "^1.3.1",
        "prop-types": "^15.6.2",
        "react-router": "5.2.0",
        "tiny-invariant": "^1.0.2",
        "tiny-warning": "^1.0.0"
      }
    },
    "regenerator-runtime": {
      "version": "0.13.9",
      "resolved": "https://registry.npmjs.org/regenerator-runtime/-/regenerator-runtime-0.13.9.tgz",
      "integrity": "sha512-p3VT+cOEgxFsRRA9X4lkI1E+k2/CtnKtU4gcxyaCUreilL/vqI6CdZ3wxVUx3UOUg+gnUOQQcRI7BmSI656MYA=="
    },
    "resolve-pathname": {
      "version": "3.0.0",
      "resolved": "https://registry.npmjs.org/resolve-pathname/-/resolve-pathname-3.0.0.tgz",
      "integrity": "sha512-C7rARubxI8bXFNB/hqcp/4iUeIXJhJZvFPFPiSPRnhU5UPxzMFIl+2E6yY6c4k9giDJAhtV+enfA+G89N6Csng=="
    },
    "tiny-invariant": {
      "version": "1.1.0",
      "resolved": "https://registry.npmjs.org/tiny-invariant/-/tiny-invariant-1.1.0.tgz",
      "integrity": "sha512-ytxQvrb1cPc9WBEI/HSeYYoGD0kWnGEOR8RY6KomWLBVhqz0RgTwVO9dLrGz7dC+nN9llyI7OKAgRq8Vq4ZBSw=="
    },
    "tiny-warning": {
      "version": "1.0.3",
      "resolved": "https://registry.npmjs.org/tiny-warning/-/tiny-warning-1.0.3.tgz",
      "integrity": "sha512-lBN9zLN/oAf68o3zNXYrdCt1kP8WsiGW8Oo2ka41b2IM5JL/S1CTyX1rW0mb/zSuJun0ZUrDxx4sqvYS2FWzPA=="
    },
    "value-equal": {
      "version": "1.0.1",
      "resolved": "https://registry.npmjs.org/value-equal/-/value-equal-1.0.1.tgz",
      "integrity": "sha512-NOJ6JZCAWr0zlxZt+xqCHNTEKOsrks2HQd4MqhP1qy4z1SkbEP467eNx6TgDKXMvUOb+OENfJCZwM+16n7fRfw=="
    }
  }
}
